<?xml version="1.0" encoding="UTF-8" standalone="yes" ?>
<CodeBlocks_project_file>
	<FileVersion major="1" minor="6" />
	<Project>
		<Option title="Automate" />
		<Option pch_mode="2" />
		<Option compiler="gcc" />
		<Build>
			<Target title="Debug">
				<Option output="bin\Debug\Automate" prefix_auto="1" extension_auto="1" />
				<Option object_output="obj\Debug\" />
				<Option type="1" />
				<Option compiler="gcc" />
				<Compiler>
					<Add option="-g" />
				</Compiler>
			</Target>
			<Target title="Release">
				<Option output="bin\Release\Automate" prefix_auto="1" extension_auto="1" />
				<Option object_output="obj\Release\" />
				<Option type="1" />
				<Option compiler="gcc" />
				<Compiler>
					<Add option="-O2" />
				</Compiler>
				<Linker>
					<Add option="-s" />
				</Linker>
			</Target>
		</Build>
		<Compiler>
			<Add option="-Wall" />
			<Add option="-fexceptions" />
		</Compiler>
		<Unit filename="alloc_debug.cpp" />
		<Unit filename="alloc_debug.h" />
		<Unit filename="arbre.cpp" />
		<Unit filename="arbre.h" />
		<Unit filename="automate.cpp" />
		<Unit filename="automate.h" />
		<Unit filename="const_fenetre.h" />
		<Unit filename="etats.h" />
		<Unit filename="fichier.cpp" />
		<Unit filename="fichier.h" />
		<Unit filename="geometrie.h" />
		<Unit filename="lignes.cpp" />
		<Unit filename="lignes.h" />
		<Unit filename="maille.h" />
		<Unit filename="main.cpp" />
		<Extensions>
			<code_completion />
			<debugger />
		</Extensions>
	</Project>
</CodeBlocks_project_file>
